
Microsoft Visual Studio Solution File, Format Version 12.00
# Visual Studio Version 16
VisualStudioVersion = 16.0.29519.87
MinimumVisualStudioVersion = 10.0.40219.1
Project("{9A19103F-16F7-4668-BE54-9A1E7A4F7556}") = "ConsolePOC", "src\ConsolePOC\ConsolePOC.csproj", "{7A58914D-EC77-4D1C-89E1-EE7D632FC613}"
EndProject
Project("{9A19103F-16F7-4668-BE54-9A1E7A4F7556}") = "Logger", "src\Logger\Logger\Logger.csproj", "{532CD854-276F-4F74-86C9-66B1C13F5D1F}"
EndProject
Project("{9A19103F-16F7-4668-BE54-9A1E7A4F7556}") = "Runner", "src\Logger\Runner\Runner.csproj", "{CA7463B6-C253-48C8-BF57-C81C762DBDF7}"
EndProject
Project("{2150E333-8FDC-42A3-9474-1A3956D46DE8}") = "Logger", "Logger", "{09F2C059-5586-4CA0-856A-4E7FF4399C92}"
EndProject
Project("{2150E333-8FDC-42A3-9474-1A3956D46DE8}") = "GraphQL", "GraphQL", "{5F032A2A-1258-460E-B123-41ED96F991F5}"
EndProject
Project("{9A19103F-16F7-4668-BE54-9A1E7A4F7556}") = "GraphQL.POC", "src\GraphQL\GraphQL.POC\GraphQL.POC.csproj", "{BE3F22F9-082D-4C97-BAD2-1C684DFBE029}"
EndProject
Project("{2150E333-8FDC-42A3-9474-1A3956D46DE8}") = "SocketServer", "SocketServer", "{23AAABC6-2FC0-4206-9681-472222AEE7DA}"
EndProject
Project("{FAE04EC0-301F-11D3-BF4B-00C04F79EFBC}") = "SocketServer.POC", "src\SocketServer\SocketServer.POC\SocketServer.POC.csproj", "{8B02CDC9-153A-46A3-869C-43706B7DE289}"
EndProject
Project("{FAE04EC0-301F-11D3-BF4B-00C04F79EFBC}") = "Client.POC", "src\SocketServer\Client.POC\Client.POC.csproj", "{5420DF11-6478-4C09-9B5B-B55F8EABD778}"
EndProject
Project("{2150E333-8FDC-42A3-9474-1A3956D46DE8}") = "SignalR", "SignalR", "{221E6B48-3949-4119-AC5D-FA88FC8445CA}"
EndProject
Project("{FAE04EC0-301F-11D3-BF4B-00C04F79EFBC}") = "SignalRServer.POC", "src\SignalR\SignalRServer.POC\SignalRServer.POC.csproj", "{0FB059A0-41FB-4145-8013-63270AA0FD9B}"
EndProject
Project("{FAE04EC0-301F-11D3-BF4B-00C04F79EFBC}") = "SignalRClient.POC", "src\SignalR\SignalRClient.POC\SignalRClient.POC.csproj", "{1023D542-F05B-4215-887E-2F2739257AD0}"
EndProject
Project("{2150E333-8FDC-42A3-9474-1A3956D46DE8}") = "Ocelot", "Ocelot", "{8AF7BFB4-6BBC-4D3B-8AD3-1D5F54DCD728}"
EndProject
Project("{FAE04EC0-301F-11D3-BF4B-00C04F79EFBC}") = "Gateway", "src\Ocelot\Gateway\Gateway.csproj", "{AB4EC268-A869-4E4B-A6E8-20292D53C147}"
EndProject
Project("{FAE04EC0-301F-11D3-BF4B-00C04F79EFBC}") = "AuthServer", "src\Ocelot\AuthServer\AuthServer.csproj", "{94A26DEE-7C7B-4EF7-B3BE-15601BB8D5FC}"
EndProject
Project("{FAE04EC0-301F-11D3-BF4B-00C04F79EFBC}") = "UserService", "src\Ocelot\UserService\UserService.csproj", "{B66C1580-A6EE-4314-9487-95EAB953E0C0}"
EndProject
Project("{2150E333-8FDC-42A3-9474-1A3956D46DE8}") = "Docker", "Docker", "{E563C194-C2C6-4683-9896-EEC1C10FD7A0}"
ProjectSection(SolutionItems) = preProject
	build_run.md = build_run.md
EndProjectSection
EndProject
Project("{FAE04EC0-301F-11D3-BF4B-00C04F79EFBC}") = "Docker.Service1.POC", "src\Docker\Docker.Service1.POC\Docker.Service1.POC.csproj", "{56EAC832-AFF6-4C88-9EA6-482EB15343C0}"
EndProject
Project("{FAE04EC0-301F-11D3-BF4B-00C04F79EFBC}") = "Docker.Service2.POC", "src\Docker\Docker.Service2.POC\Docker.Service2.POC.csproj", "{7EA223EE-360D-4B5A-AF07-A187F6EB71AE}"
EndProject
Global
	GlobalSection(SolutionConfigurationPlatforms) = preSolution
		Debug|Any CPU = Debug|Any CPU
		Release|Any CPU = Release|Any CPU
	EndGlobalSection
	GlobalSection(ProjectConfigurationPlatforms) = postSolution
		{7A58914D-EC77-4D1C-89E1-EE7D632FC613}.Debug|Any CPU.ActiveCfg = Debug|Any CPU
		{7A58914D-EC77-4D1C-89E1-EE7D632FC613}.Debug|Any CPU.Build.0 = Debug|Any CPU
		{7A58914D-EC77-4D1C-89E1-EE7D632FC613}.Release|Any CPU.ActiveCfg = Release|Any CPU
		{7A58914D-EC77-4D1C-89E1-EE7D632FC613}.Release|Any CPU.Build.0 = Release|Any CPU
		{532CD854-276F-4F74-86C9-66B1C13F5D1F}.Debug|Any CPU.ActiveCfg = Debug|Any CPU
		{532CD854-276F-4F74-86C9-66B1C13F5D1F}.Debug|Any CPU.Build.0 = Debug|Any CPU
		{532CD854-276F-4F74-86C9-66B1C13F5D1F}.Release|Any CPU.ActiveCfg = Release|Any CPU
		{532CD854-276F-4F74-86C9-66B1C13F5D1F}.Release|Any CPU.Build.0 = Release|Any CPU
		{CA7463B6-C253-48C8-BF57-C81C762DBDF7}.Debug|Any CPU.ActiveCfg = Debug|Any CPU
		{CA7463B6-C253-48C8-BF57-C81C762DBDF7}.Debug|Any CPU.Build.0 = Debug|Any CPU
		{CA7463B6-C253-48C8-BF57-C81C762DBDF7}.Release|Any CPU.ActiveCfg = Release|Any CPU
		{CA7463B6-C253-48C8-BF57-C81C762DBDF7}.Release|Any CPU.Build.0 = Release|Any CPU
		{BE3F22F9-082D-4C97-BAD2-1C684DFBE029}.Debug|Any CPU.ActiveCfg = Debug|Any CPU
		{BE3F22F9-082D-4C97-BAD2-1C684DFBE029}.Debug|Any CPU.Build.0 = Debug|Any CPU
		{BE3F22F9-082D-4C97-BAD2-1C684DFBE029}.Release|Any CPU.ActiveCfg = Release|Any CPU
		{BE3F22F9-082D-4C97-BAD2-1C684DFBE029}.Release|Any CPU.Build.0 = Release|Any CPU
		{8B02CDC9-153A-46A3-869C-43706B7DE289}.Debug|Any CPU.ActiveCfg = Debug|Any CPU
		{8B02CDC9-153A-46A3-869C-43706B7DE289}.Debug|Any CPU.Build.0 = Debug|Any CPU
		{8B02CDC9-153A-46A3-869C-43706B7DE289}.Release|Any CPU.ActiveCfg = Release|Any CPU
		{8B02CDC9-153A-46A3-869C-43706B7DE289}.Release|Any CPU.Build.0 = Release|Any CPU
		{5420DF11-6478-4C09-9B5B-B55F8EABD778}.Debug|Any CPU.ActiveCfg = Debug|Any CPU
		{5420DF11-6478-4C09-9B5B-B55F8EABD778}.Debug|Any CPU.Build.0 = Debug|Any CPU
		{5420DF11-6478-4C09-9B5B-B55F8EABD778}.Release|Any CPU.ActiveCfg = Release|Any CPU
		{5420DF11-6478-4C09-9B5B-B55F8EABD778}.Release|Any CPU.Build.0 = Release|Any CPU
		{0FB059A0-41FB-4145-8013-63270AA0FD9B}.Debug|Any CPU.ActiveCfg = Debug|Any CPU
		{0FB059A0-41FB-4145-8013-63270AA0FD9B}.Debug|Any CPU.Build.0 = Debug|Any CPU
		{0FB059A0-41FB-4145-8013-63270AA0FD9B}.Release|Any CPU.ActiveCfg = Release|Any CPU
		{0FB059A0-41FB-4145-8013-63270AA0FD9B}.Release|Any CPU.Build.0 = Release|Any CPU
		{1023D542-F05B-4215-887E-2F2739257AD0}.Debug|Any CPU.ActiveCfg = Debug|Any CPU
		{1023D542-F05B-4215-887E-2F2739257AD0}.Debug|Any CPU.Build.0 = Debug|Any CPU
		{1023D542-F05B-4215-887E-2F2739257AD0}.Release|Any CPU.ActiveCfg = Release|Any CPU
		{1023D542-F05B-4215-887E-2F2739257AD0}.Release|Any CPU.Build.0 = Release|Any CPU
		{AB4EC268-A869-4E4B-A6E8-20292D53C147}.Debug|Any CPU.ActiveCfg = Debug|Any CPU
		{AB4EC268-A869-4E4B-A6E8-20292D53C147}.Debug|Any CPU.Build.0 = Debug|Any CPU
		{AB4EC268-A869-4E4B-A6E8-20292D53C147}.Release|Any CPU.ActiveCfg = Release|Any CPU
		{AB4EC268-A869-4E4B-A6E8-20292D53C147}.Release|Any CPU.Build.0 = Release|Any CPU
		{94A26DEE-7C7B-4EF7-B3BE-15601BB8D5FC}.Debug|Any CPU.ActiveCfg = Debug|Any CPU
		{94A26DEE-7C7B-4EF7-B3BE-15601BB8D5FC}.Debug|Any CPU.Build.0 = Debug|Any CPU
		{94A26DEE-7C7B-4EF7-B3BE-15601BB8D5FC}.Release|Any CPU.ActiveCfg = Release|Any CPU
		{94A26DEE-7C7B-4EF7-B3BE-15601BB8D5FC}.Release|Any CPU.Build.0 = Release|Any CPU
		{B66C1580-A6EE-4314-9487-95EAB953E0C0}.Debug|Any CPU.ActiveCfg = Debug|Any CPU
		{B66C1580-A6EE-4314-9487-95EAB953E0C0}.Debug|Any CPU.Build.0 = Debug|Any CPU
		{B66C1580-A6EE-4314-9487-95EAB953E0C0}.Release|Any CPU.ActiveCfg = Release|Any CPU
		{B66C1580-A6EE-4314-9487-95EAB953E0C0}.Release|Any CPU.Build.0 = Release|Any CPU
		{56EAC832-AFF6-4C88-9EA6-482EB15343C0}.Debug|Any CPU.ActiveCfg = Debug|Any CPU
		{56EAC832-AFF6-4C88-9EA6-482EB15343C0}.Debug|Any CPU.Build.0 = Debug|Any CPU
		{56EAC832-AFF6-4C88-9EA6-482EB15343C0}.Release|Any CPU.ActiveCfg = Release|Any CPU
		{56EAC832-AFF6-4C88-9EA6-482EB15343C0}.Release|Any CPU.Build.0 = Release|Any CPU
		{7EA223EE-360D-4B5A-AF07-A187F6EB71AE}.Debug|Any CPU.ActiveCfg = Debug|Any CPU
		{7EA223EE-360D-4B5A-AF07-A187F6EB71AE}.Debug|Any CPU.Build.0 = Debug|Any CPU
		{7EA223EE-360D-4B5A-AF07-A187F6EB71AE}.Release|Any CPU.ActiveCfg = Release|Any CPU
		{7EA223EE-360D-4B5A-AF07-A187F6EB71AE}.Release|Any CPU.Build.0 = Release|Any CPU
	EndGlobalSection
	GlobalSection(SolutionProperties) = preSolution
		HideSolutionNode = FALSE
	EndGlobalSection
	GlobalSection(NestedProjects) = preSolution
		{532CD854-276F-4F74-86C9-66B1C13F5D1F} = {09F2C059-5586-4CA0-856A-4E7FF4399C92}
		{CA7463B6-C253-48C8-BF57-C81C762DBDF7} = {09F2C059-5586-4CA0-856A-4E7FF4399C92}
		{BE3F22F9-082D-4C97-BAD2-1C684DFBE029} = {5F032A2A-1258-460E-B123-41ED96F991F5}
		{8B02CDC9-153A-46A3-869C-43706B7DE289} = {23AAABC6-2FC0-4206-9681-472222AEE7DA}
		{5420DF11-6478-4C09-9B5B-B55F8EABD778} = {23AAABC6-2FC0-4206-9681-472222AEE7DA}
		{0FB059A0-41FB-4145-8013-63270AA0FD9B} = {221E6B48-3949-4119-AC5D-FA88FC8445CA}
		{1023D542-F05B-4215-887E-2F2739257AD0} = {221E6B48-3949-4119-AC5D-FA88FC8445CA}
		{AB4EC268-A869-4E4B-A6E8-20292D53C147} = {8AF7BFB4-6BBC-4D3B-8AD3-1D5F54DCD728}
		{94A26DEE-7C7B-4EF7-B3BE-15601BB8D5FC} = {8AF7BFB4-6BBC-4D3B-8AD3-1D5F54DCD728}
		{B66C1580-A6EE-4314-9487-95EAB953E0C0} = {8AF7BFB4-6BBC-4D3B-8AD3-1D5F54DCD728}
		{56EAC832-AFF6-4C88-9EA6-482EB15343C0} = {E563C194-C2C6-4683-9896-EEC1C10FD7A0}
		{7EA223EE-360D-4B5A-AF07-A187F6EB71AE} = {E563C194-C2C6-4683-9896-EEC1C10FD7A0}
	EndGlobalSection
	GlobalSection(ExtensibilityGlobals) = postSolution
		SolutionGuid = {9A6494AD-A21B-412B-AAEE-FF2877D6AE17}
	EndGlobalSection
EndGlobal
